// !$*UTF8*$!
{
	archiveVersion = 1;
	classes = {
	};
	objectVersion = 56;
	objects = {

/* Begin PBXBuildFile section */
		BB1B36922BDD990200A72880 /* MidiSlots.swift in Sources */ = {isa = PBXBuildFile; fileRef = BB1B36912BDD990200A72880 /* MidiSlots.swift */; };
		BB1B369C2BDDC60000A72880 /* XvAbletonLink.framework in Frameworks */ = {isa = PBXBuildFile; fileRef = BB1B369B2BDDC5EE00A72880 /* XvAbletonLink.framework */; };
		BB1B369D2BDDC60000A72880 /* XvAbletonLink.framework in Embed Frameworks */ = {isa = PBXBuildFile; fileRef = BB1B369B2BDDC5EE00A72880 /* XvAbletonLink.framework */; settings = {ATTRIBUTES = (CodeSignOnCopy, RemoveHeadersOnCopy, ); }; };
		BB1B36B02BDDCAAD00A72880 /* ABLinkViewController.swift in Sources */ = {isa = PBXBuildFile; fileRef = BB1B36AF2BDDCAAD00A72880 /* ABLinkViewController.swift */; };
		BB1B36CC2BDDE3B900A72880 /* XvTimer.framework in Frameworks */ = {isa = PBXBuildFile; fileRef = BB1B36B62BDDE35900A72880 /* XvTimer.framework */; };
		BB1B36CD2BDDE3B900A72880 /* XvTimer.framework in Embed Frameworks */ = {isa = PBXBuildFile; fileRef = BB1B36B62BDDE35900A72880 /* XvTimer.framework */; settings = {ATTRIBUTES = (CodeSignOnCopy, RemoveHeadersOnCopy, ); }; };
		BB31AB462BD9B47F004F7913 /* Biofeedback_Orchestra_ListenerApp.swift in Sources */ = {isa = PBXBuildFile; fileRef = BB31AB452BD9B47F004F7913 /* Biofeedback_Orchestra_ListenerApp.swift */; };
		BB31AB482BD9B47F004F7913 /* ContentView.swift in Sources */ = {isa = PBXBuildFile; fileRef = BB31AB472BD9B47F004F7913 /* ContentView.swift */; };
		BB31AB4A2BD9B481004F7913 /* Assets.xcassets in Resources */ = {isa = PBXBuildFile; fileRef = BB31AB492BD9B481004F7913 /* Assets.xcassets */; };
		BB31AB4D2BD9B481004F7913 /* Preview Assets.xcassets in Resources */ = {isa = PBXBuildFile; fileRef = BB31AB4C2BD9B481004F7913 /* Preview Assets.xcassets */; };
		BB31AB542BD9B671004F7913 /* MultipeerSessionManager.swift in Sources */ = {isa = PBXBuildFile; fileRef = BB31AB532BD9B671004F7913 /* MultipeerSessionManager.swift */; };
		BB31AB582BD9B909004F7913 /* ConnectedDevice.swift in Sources */ = {isa = PBXBuildFile; fileRef = BB31AB572BD9B909004F7913 /* ConnectedDevice.swift */; };
		BB31AB5F2BDAB424004F7913 /* BpmProcessor.swift in Sources */ = {isa = PBXBuildFile; fileRef = BB31AB5E2BDAB424004F7913 /* BpmProcessor.swift */; };
		BB31AB672BDAE06A004F7913 /* XvMidi.framework in Frameworks */ = {isa = PBXBuildFile; fileRef = BB31AB652BDAE05C004F7913 /* XvMidi.framework */; };
		BB31AB682BDAE06A004F7913 /* XvMidi.framework in Embed Frameworks */ = {isa = PBXBuildFile; fileRef = BB31AB652BDAE05C004F7913 /* XvMidi.framework */; settings = {ATTRIBUTES = (CodeSignOnCopy, RemoveHeadersOnCopy, ); }; };
		BB6A0DA02BEF199B006369C1 /* DmxLightModelCOZ.swift in Sources */ = {isa = PBXBuildFile; fileRef = BB6A0D9F2BEF199B006369C1 /* DmxLightModelCOZ.swift */; };
/* End PBXBuildFile section */

/* Begin PBXContainerItemProxy section */
		BB1B369A2BDDC5EE00A72880 /* PBXContainerItemProxy */ = {
			isa = PBXContainerItemProxy;
			containerPortal = BB1B36962BDDC5EE00A72880 /* XvAbletonLink.xcodeproj */;
			proxyType = 2;
			remoteGlobalIDString = 96B1BCDC1E70A5610075C653;
			remoteInfo = XvAbletonLink;
		};
		BB1B36B52BDDE35900A72880 /* PBXContainerItemProxy */ = {
			isa = PBXContainerItemProxy;
			containerPortal = BB1B36B12BDDE35900A72880 /* XvTimer.xcodeproj */;
			proxyType = 2;
			remoteGlobalIDString = 961A05751F5F4A63006796F7;
			remoteInfo = XvTimer;
		};
		BB31AB642BDAE05C004F7913 /* PBXContainerItemProxy */ = {
			isa = PBXContainerItemProxy;
			containerPortal = BB31AB602BDAE05C004F7913 /* XvMidi.xcodeproj */;
			proxyType = 2;
			remoteGlobalIDString = BBB1FE8B26CDB19100247C4F;
			remoteInfo = XvMidi;
		};
/* End PBXContainerItemProxy section */

/* Begin PBXCopyFilesBuildPhase section */
		BB31AB692BDAE06A004F7913 /* Embed Frameworks */ = {
			isa = PBXCopyFilesBuildPhase;
			buildActionMask = 2147483647;
			dstPath = "";
			dstSubfolderSpec = 10;
			files = (
				BB1B36CD2BDDE3B900A72880 /* XvTimer.framework in Embed Frameworks */,
				BB1B369D2BDDC60000A72880 /* XvAbletonLink.framework in Embed Frameworks */,
				BB31AB682BDAE06A004F7913 /* XvMidi.framework in Embed Frameworks */,
			);
			name = "Embed Frameworks";
			runOnlyForDeploymentPostprocessing = 0;
		};
/* End PBXCopyFilesBuildPhase section */

/* Begin PBXFileReference section */
		BB1B36912BDD990200A72880 /* MidiSlots.swift */ = {isa = PBXFileReference; lastKnownFileType = sourcecode.swift; path = MidiSlots.swift; sourceTree = "<group>"; };
		BB1B36962BDDC5EE00A72880 /* XvAbletonLink.xcodeproj */ = {isa = PBXFileReference; lastKnownFileType = "wrapper.pb-project"; name = XvAbletonLink.xcodeproj; path = ../../../../../../Frameworks/EXTERNAL_COMM/XvAbletonLink/XvAbletonLink.xcodeproj; sourceTree = "<group>"; };
		BB1B36AF2BDDCAAD00A72880 /* ABLinkViewController.swift */ = {isa = PBXFileReference; lastKnownFileType = sourcecode.swift; path = ABLinkViewController.swift; sourceTree = "<group>"; };
		BB1B36B12BDDE35900A72880 /* XvTimer.xcodeproj */ = {isa = PBXFileReference; lastKnownFileType = "wrapper.pb-project"; name = XvTimer.xcodeproj; path = ../../../../../../Frameworks/TIMER/XvTimer/XvTimer.xcodeproj; sourceTree = "<group>"; };
		BB31AB422BD9B47F004F7913 /* Biofeedback-Orchestra-Listener.app */ = {isa = PBXFileReference; explicitFileType = wrapper.application; includeInIndex = 0; path = "Biofeedback-Orchestra-Listener.app"; sourceTree = BUILT_PRODUCTS_DIR; };
		BB31AB452BD9B47F004F7913 /* Biofeedback_Orchestra_ListenerApp.swift */ = {isa = PBXFileReference; lastKnownFileType = sourcecode.swift; path = Biofeedback_Orchestra_ListenerApp.swift; sourceTree = "<group>"; };
		BB31AB472BD9B47F004F7913 /* ContentView.swift */ = {isa = PBXFileReference; lastKnownFileType = sourcecode.swift; path = ContentView.swift; sourceTree = "<group>"; };
		BB31AB492BD9B481004F7913 /* Assets.xcassets */ = {isa = PBXFileReference; lastKnownFileType = folder.assetcatalog; path = Assets.xcassets; sourceTree = "<group>"; };
		BB31AB4C2BD9B481004F7913 /* Preview Assets.xcassets */ = {isa = PBXFileReference; lastKnownFileType = folder.assetcatalog; path = "Preview Assets.xcassets"; sourceTree = "<group>"; };
		BB31AB532BD9B671004F7913 /* MultipeerSessionManager.swift */ = {isa = PBXFileReference; lastKnownFileType = sourcecode.swift; path = MultipeerSessionManager.swift; sourceTree = "<group>"; };
		BB31AB572BD9B909004F7913 /* ConnectedDevice.swift */ = {isa = PBXFileReference; lastKnownFileType = sourcecode.swift; path = ConnectedDevice.swift; sourceTree = "<group>"; };
		BB31AB5B2BD9C1EF004F7913 /* Info.plist */ = {isa = PBXFileReference; lastKnownFileType = text.plist; path = Info.plist; sourceTree = "<group>"; };
		BB31AB5E2BDAB424004F7913 /* BpmProcessor.swift */ = {isa = PBXFileReference; lastKnownFileType = sourcecode.swift; path = BpmProcessor.swift; sourceTree = "<group>"; };
		BB31AB602BDAE05C004F7913 /* XvMidi.xcodeproj */ = {isa = PBXFileReference; lastKnownFileType = "wrapper.pb-project"; name = XvMidi.xcodeproj; path = ../../../../../../Frameworks/EXTERNAL_COMM/XvMidi/XvMidi.xcodeproj; sourceTree = "<group>"; };
		BB6A0D9F2BEF199B006369C1 /* DmxLightModelCOZ.swift */ = {isa = PBXFileReference; lastKnownFileType = sourcecode.swift; path = DmxLightModelCOZ.swift; sourceTree = "<group>"; };
/* End PBXFileReference section */

/* Begin PBXFrameworksBuildPhase section */
		BB31AB3F2BD9B47F004F7913 /* Frameworks */ = {
			isa = PBXFrameworksBuildPhase;
			buildActionMask = 2147483647;
			files = (
				BB1B36CC2BDDE3B900A72880 /* XvTimer.framework in Frameworks */,
				BB1B369C2BDDC60000A72880 /* XvAbletonLink.framework in Frameworks */,
				BB31AB672BDAE06A004F7913 /* XvMidi.framework in Frameworks */,
			);
			runOnlyForDeploymentPostprocessing = 0;
		};
/* End PBXFrameworksBuildPhase section */

/* Begin PBXGroup section */
		BB1B36972BDDC5EE00A72880 /* Products */ = {
			isa = PBXGroup;
			children = (
				BB1B369B2BDDC5EE00A72880 /* XvAbletonLink.framework */,
			);
			name = Products;
			sourceTree = "<group>";
		};
		BB1B36B22BDDE35900A72880 /* Products */ = {
			isa = PBXGroup;
			children = (
				BB1B36B62BDDE35900A72880 /* XvTimer.framework */,
			);
			name = Products;
			sourceTree = "<group>";
		};
		BB31AB392BD9B47F004F7913 = {
			isa = PBXGroup;
			children = (
				BB31AB442BD9B47F004F7913 /* Biofeedback-Orchestra-Listener */,
				BB31AB432BD9B47F004F7913 /* Products */,
				BB31AB662BDAE06A004F7913 /* Frameworks */,
			);
			sourceTree = "<group>";
		};
		BB31AB432BD9B47F004F7913 /* Products */ = {
			isa = PBXGroup;
			children = (
				BB31AB422BD9B47F004F7913 /* Biofeedback-Orchestra-Listener.app */,
			);
			name = Products;
			sourceTree = "<group>";
		};
		BB31AB442BD9B47F004F7913 /* Biofeedback-Orchestra-Listener */ = {
			isa = PBXGroup;
			children = (
				BB31AB452BD9B47F004F7913 /* Biofeedback_Orchestra_ListenerApp.swift */,
				BB31AB472BD9B47F004F7913 /* ContentView.swift */,
				BB31AB532BD9B671004F7913 /* MultipeerSessionManager.swift */,
				BB31AB572BD9B909004F7913 /* ConnectedDevice.swift */,
				BB1B36912BDD990200A72880 /* MidiSlots.swift */,
				BB31AB5E2BDAB424004F7913 /* BpmProcessor.swift */,
				BB1B36AF2BDDCAAD00A72880 /* ABLinkViewController.swift */,
				BB6A0D9F2BEF199B006369C1 /* DmxLightModelCOZ.swift */,
				BB31AB602BDAE05C004F7913 /* XvMidi.xcodeproj */,
				BB1B36B12BDDE35900A72880 /* XvTimer.xcodeproj */,
				BB1B36962BDDC5EE00A72880 /* XvAbletonLink.xcodeproj */,
				BB31AB492BD9B481004F7913 /* Assets.xcassets */,
				BB31AB5B2BD9C1EF004F7913 /* Info.plist */,
				BB31AB4B2BD9B481004F7913 /* Preview Content */,
			);
			path = "Biofeedback-Orchestra-Listener";
			sourceTree = "<group>";
		};
		BB31AB4B2BD9B481004F7913 /* Preview Content */ = {
			isa = PBXGroup;
			children = (
				BB31AB4C2BD9B481004F7913 /* Preview Assets.xcassets */,
			);
			path = "Preview Content";
			sourceTree = "<group>";
		};
		BB31AB612BDAE05C004F7913 /* Products */ = {
			isa = PBXGroup;
			children = (
				BB31AB652BDAE05C004F7913 /* XvMidi.framework */,
			);
			name = Products;
			sourceTree = "<group>";
		};
		BB31AB662BDAE06A004F7913 /* Frameworks */ = {
			isa = PBXGroup;
			children = (
			);
			name = Frameworks;
			sourceTree = "<group>";
		};
/* End PBXGroup section */

/* Begin PBXNativeTarget section */
		BB31AB412BD9B47F004F7913 /* Biofeedback-Orchestra-Listener */ = {
			isa = PBXNativeTarget;
			buildConfigurationList = BB31AB502BD9B481004F7913 /* Build configuration list for PBXNativeTarget "Biofeedback-Orchestra-Listener" */;
			buildPhases = (
				BB31AB3E2BD9B47F004F7913 /* Sources */,
				BB31AB3F2BD9B47F004F7913 /* Frameworks */,
				BB31AB402BD9B47F004F7913 /* Resources */,
				BB31AB692BDAE06A004F7913 /* Embed Frameworks */,
			);
			buildRules = (
			);
			dependencies = (
			);
			name = "Biofeedback-Orchestra-Listener";
			productName = "Biofeedback-Orchestra-Listener";
			productReference = BB31AB422BD9B47F004F7913 /* Biofeedback-Orchestra-Listener.app */;
			productType = "com.apple.product-type.application";
		};
/* End PBXNativeTarget section */

/* Begin PBXProject section */
		BB31AB3A2BD9B47F004F7913 /* Project object */ = {
			isa = PBXProject;
			attributes = {
				BuildIndependentTargetsInParallel = 1;
				LastSwiftUpdateCheck = 1530;
				LastUpgradeCheck = 1530;
				TargetAttributes = {
					BB31AB412BD9B47F004F7913 = {
						CreatedOnToolsVersion = 15.3;
					};
				};
			};
			buildConfigurationList = BB31AB3D2BD9B47F004F7913 /* Build configuration list for PBXProject "Biofeedback-Orchestra-Listener" */;
			compatibilityVersion = "Xcode 14.0";
			developmentRegion = en;
			hasScannedForEncodings = 0;
			knownRegions = (
				en,
				Base,
			);
			mainGroup = BB31AB392BD9B47F004F7913;
			productRefGroup = BB31AB432BD9B47F004F7913 /* Products */;
			projectDirPath = "";
			projectReferences = (
				{
					ProductGroup = BB1B36972BDDC5EE00A72880 /* Products */;
					ProjectRef = BB1B36962BDDC5EE00A72880 /* XvAbletonLink.xcodeproj */;
				},
				{
					ProductGroup = BB31AB612BDAE05C004F7913 /* Products */;
					ProjectRef = BB31AB602BDAE05C004F7913 /* XvMidi.xcodeproj */;
				},
				{
					ProductGroup = BB1B36B22BDDE35900A72880 /* Products */;
					ProjectRef = BB1B36B12BDDE35900A72880 /* XvTimer.xcodeproj */;
				},
			);
			projectRoot = "";
			targets = (
				BB31AB412BD9B47F004F7913 /* Biofeedback-Orchestra-Listener */,
			);
		};
/* End PBXProject section */

/* Begin PBXReferenceProxy section */
		BB1B369B2BDDC5EE00A72880 /* XvAbletonLink.framework */ = {
			isa = PBXReferenceProxy;
			fileType = wrapper.framework;
			path = XvAbletonLink.framework;
			remoteRef = BB1B369A2BDDC5EE00A72880 /* PBXContainerItemProxy */;
			sourceTree = BUILT_PRODUCTS_DIR;
		};
		BB1B36B62BDDE35900A72880 /* XvTimer.framework */ = {
			isa = PBXReferenceProxy;
			fileType = wrapper.framework;
			path = XvTimer.framework;
			remoteRef = BB1B36B52BDDE35900A72880 /* PBXContainerItemProxy */;
			sourceTree = BUILT_PRODUCTS_DIR;
		};
		BB31AB652BDAE05C004F7913 /* XvMidi.framework */ = {
			isa = PBXReferenceProxy;
			fileType = wrapper.framework;
			path = XvMidi.framework;
			remoteRef = BB31AB642BDAE05C004F7913 /* PBXContainerItemProxy */;
			sourceTree = BUILT_PRODUCTS_DIR;
		};
/* End PBXReferenceProxy section */

/* Begin PBXResourcesBuildPhase section */
		BB31AB402BD9B47F004F7913 /* Resources */ = {
			isa = PBXResourcesBuildPhase;
			buildActionMask = 2147483647;
			files = (
				BB31AB4D2BD9B481004F7913 /* Preview Assets.xcassets in Resources */,
				BB31AB4A2BD9B481004F7913 /* Assets.xcassets in Resources */,
			);
			runOnlyForDeploymentPostprocessing = 0;
		};
/* End PBXResourcesBuildPhase section */

/* Begin PBXSourcesBuildPhase section */
		BB31AB3E2BD9B47F004F7913 /* Sources */ = {
			isa = PBXSourcesBuildPhase;
			buildActionMask = 2147483647;
			files = (
				BB31AB5F2BDAB424004F7913 /* BpmProcessor.swift in Sources */,
				BB31AB482BD9B47F004F7913 /* ContentView.swift in Sources */,
				BB6A0DA02BEF199B006369C1 /* DmxLightModelCOZ.swift in Sources */,
				BB1B36922BDD990200A72880 /* MidiSlots.swift in Sources */,
				BB1B36B02BDDCAAD00A72880 /* ABLinkViewController.swift in Sources */,
				BB31AB582BD9B909004F7913 /* ConnectedDevice.swift in Sources */,
				BB31AB462BD9B47F004F7913 /* Biofeedback_Orchestra_ListenerApp.swift in Sources */,
				BB31AB542BD9B671004F7913 /* MultipeerSessionManager.swift in Sources */,
			);
			runOnlyForDeploymentPostprocessing = 0;
		};
/* End PBXSourcesBuildPhase section */

/* Begin XCBuildConfiguration section */
		BB31AB4E2BD9B481004F7913 /* Debug */ = {
			isa = XCBuildConfiguration;
			buildSettings = {
				ALWAYS_SEARCH_USER_PATHS = NO;
				ASSETCATALOG_COMPILER_GENERATE_SWIFT_ASSET_SYMBOL_EXTENSIONS = YES;
				CLANG_ANALYZER_NONNULL = YES;
				CLANG_ANALYZER_NUMBER_OBJECT_CONVERSION = YES_AGGRESSIVE;
				CLANG_CXX_LANGUAGE_STANDARD = "gnu++20";
				CLANG_ENABLE_MODULES = YES;
				CLANG_ENABLE_OBJC_ARC = YES;
				CLANG_ENABLE_OBJC_WEAK = YES;
				CLANG_WARN_BLOCK_CAPTURE_AUTORELEASING = YES;
				CLANG_WARN_BOOL_CONVERSION = YES;
				CLANG_WARN_COMMA = YES;
				CLANG_WARN_CONSTANT_CONVERSION = YES;
				CLANG_WARN_DEPRECATED_OBJC_IMPLEMENTATIONS = YES;
				CLANG_WARN_DIRECT_OBJC_ISA_USAGE = YES_ERROR;
				CLANG_WARN_DOCUMENTATION_COMMENTS = YES;
				CLANG_WARN_EMPTY_BODY = YES;
				CLANG_WARN_ENUM_CONVERSION = YES;
				CLANG_WARN_INFINITE_RECURSION = YES;
				CLANG_WARN_INT_CONVERSION = YES;
				CLANG_WARN_NON_LITERAL_NULL_CONVERSION = YES;
				CLANG_WARN_OBJC_IMPLICIT_RETAIN_SELF = YES;
				CLANG_WARN_OBJC_LITERAL_CONVERSION = YES;
				CLANG_WARN_OBJC_ROOT_CLASS = YES_ERROR;
				CLANG_WARN_QUOTED_INCLUDE_IN_FRAMEWORK_HEADER = YES;
				CLANG_WARN_RANGE_LOOP_ANALYSIS = YES;
				CLANG_WARN_STRICT_PROTOTYPES = YES;
				CLANG_WARN_SUSPICIOUS_MOVE = YES;
				CLANG_WARN_UNGUARDED_AVAILABILITY = YES_AGGRESSIVE;
				CLANG_WARN_UNREACHABLE_CODE = YES;
				CLANG_WARN__DUPLICATE_METHOD_MATCH = YES;
				COPY_PHASE_STRIP = NO;
				DEBUG_INFORMATION_FORMAT = dwarf;
				ENABLE_STRICT_OBJC_MSGSEND = YES;
				ENABLE_TESTABILITY = YES;
				ENABLE_USER_SCRIPT_SANDBOXING = YES;
				GCC_C_LANGUAGE_STANDARD = gnu17;
				GCC_DYNAMIC_NO_PIC = NO;
				GCC_NO_COMMON_BLOCKS = YES;
				GCC_OPTIMIZATION_LEVEL = 0;
				GCC_PREPROCESSOR_DEFINITIONS = (
					"DEBUG=1",
					"$(inherited)",
				);
				GCC_WARN_64_TO_32_BIT_CONVERSION = YES;
				GCC_WARN_ABOUT_RETURN_TYPE = YES_ERROR;
				GCC_WARN_UNDECLARED_SELECTOR = YES;
				GCC_WARN_UNINITIALIZED_AUTOS = YES_AGGRESSIVE;
				GCC_WARN_UNUSED_FUNCTION = YES;
				GCC_WARN_UNUSED_VARIABLE = YES;
				IPHONEOS_DEPLOYMENT_TARGET = 17.4;
				LOCALIZATION_PREFERS_STRING_CATALOGS = YES;
				MTL_ENABLE_DEBUG_INFO = INCLUDE_SOURCE;
				MTL_FAST_MATH = YES;
				ONLY_ACTIVE_ARCH = YES;
				SDKROOT = iphoneos;
				SWIFT_ACTIVE_COMPILATION_CONDITIONS = "DEBUG $(inherited)";
				SWIFT_OPTIMIZATION_LEVEL = "-Onone";
			};
			name = Debug;
		};
		BB31AB4F2BD9B481004F7913 /* Release */ = {
			isa = XCBuildConfiguration;
			buildSettings = {
				ALWAYS_SEARCH_USER_PATHS = NO;
				ASSETCATALOG_COMPILER_GENERATE_SWIFT_ASSET_SYMBOL_EXTENSIONS = YES;
				CLANG_ANALYZER_NONNULL = YES;
				CLANG_ANALYZER_NUMBER_OBJECT_CONVERSION = YES_AGGRESSIVE;
				CLANG_CXX_LANGUAGE_STANDARD = "gnu++20";
				CLANG_ENABLE_MODULES = YES;
				CLANG_ENABLE_OBJC_ARC = YES;
				CLANG_ENABLE_OBJC_WEAK = YES;
				CLANG_WARN_BLOCK_CAPTURE_AUTORELEASING = YES;
				CLANG_WARN_BOOL_CONVERSION = YES;
				CLANG_WARN_COMMA = YES;
				CLANG_WARN_CONSTANT_CONVERSION = YES;
				CLANG_WARN_DEPRECATED_OBJC_IMPLEMENTATIONS = YES;
				CLANG_WARN_DIRECT_OBJC_ISA_USAGE = YES_ERROR;
				CLANG_WARN_DOCUMENTATION_COMMENTS = YES;
				CLANG_WARN_EMPTY_BODY = YES;
				CLANG_WARN_ENUM_CONVERSION = YES;
				CLANG_WARN_INFINITE_RECURSION = YES;
				CLANG_WARN_INT_CONVERSION = YES;
				CLANG_WARN_NON_LITERAL_NULL_CONVERSION = YES;
				CLANG_WARN_OBJC_IMPLICIT_RETAIN_SELF = YES;
				CLANG_WARN_OBJC_LITERAL_CONVERSION = YES;
				CLANG_WARN_OBJC_ROOT_CLASS = YES_ERROR;
				CLANG_WARN_QUOTED_INCLUDE_IN_FRAMEWORK_HEADER = YES;
				CLANG_WARN_RANGE_LOOP_ANALYSIS = YES;
				CLANG_WARN_STRICT_PROTOTYPES = YES;
				CLANG_WARN_SUSPICIOUS_MOVE = YES;
				CLANG_WARN_UNGUARDED_AVAILABILITY = YES_AGGRESSIVE;
				CLANG_WARN_UNREACHABLE_CODE = YES;
				CLANG_WARN__DUPLICATE_METHOD_MATCH = YES;
				COPY_PHASE_STRIP = NO;
				DEBUG_INFORMATION_FORMAT = "dwarf-with-dsym";
				ENABLE_NS_ASSERTIONS = NO;
				ENABLE_STRICT_OBJC_MSGSEND = YES;
				ENABLE_USER_SCRIPT_SANDBOXING = YES;
				GCC_C_LANGUAGE_STANDARD = gnu17;
				GCC_NO_COMMON_BLOCKS = YES;
				GCC_WARN_64_TO_32_BIT_CONVERSION = YES;
				GCC_WARN_ABOUT_RETURN_TYPE = YES_ERROR;
				GCC_WARN_UNDECLARED_SELECTOR = YES;
				GCC_WARN_UNINITIALIZED_AUTOS = YES_AGGRESSIVE;
				GCC_WARN_UNUSED_FUNCTION = YES;
				GCC_WARN_UNUSED_VARIABLE = YES;
				IPHONEOS_DEPLOYMENT_TARGET = 17.4;
				LOCALIZATION_PREFERS_STRING_CATALOGS = YES;
				MTL_ENABLE_DEBUG_INFO = NO;
				MTL_FAST_MATH = YES;
				SDKROOT = iphoneos;
				SWIFT_COMPILATION_MODE = wholemodule;
				VALIDATE_PRODUCT = YES;
			};
			name = Release;
		};
		BB31AB512BD9B481004F7913 /* Debug */ = {
			isa = XCBuildConfiguration;
			buildSettings = {
				ASSETCATALOG_COMPILER_APPICON_NAME = AppIcon;
				ASSETCATALOG_COMPILER_GLOBAL_ACCENT_COLOR_NAME = AccentColor;
				CODE_SIGN_STYLE = Automatic;
				CURRENT_PROJECT_VERSION = 1;
				DEVELOPMENT_ASSET_PATHS = "\"Biofeedback-Orchestra-Listener/Preview Content\"";
				DEVELOPMENT_TEAM = LN2HJCURK9;
				ENABLE_PREVIEWS = YES;
				GENERATE_INFOPLIST_FILE = YES;
				INFOPLIST_FILE = "Biofeedback-Orchestra-Listener/Info.plist";
				INFOPLIST_KEY_NSLocalNetworkUsageDescription = "This app uses local network to receive EEG data from nearby iPhones and iPads.";
				INFOPLIST_KEY_UIApplicationSceneManifest_Generation = YES;
				INFOPLIST_KEY_UIApplicationSupportsIndirectInputEvents = YES;
				INFOPLIST_KEY_UILaunchScreen_Generation = YES;
				INFOPLIST_KEY_UISupportedInterfaceOrientations_iPad = "UIInterfaceOrientationPortrait UIInterfaceOrientationPortraitUpsideDown UIInterfaceOrientationLandscapeLeft UIInterfaceOrientationLandscapeRight";
				INFOPLIST_KEY_UISupportedInterfaceOrientations_iPhone = "UIInterfaceOrientationPortrait UIInterfaceOrientationLandscapeLeft UIInterfaceOrientationLandscapeRight";
				LD_RUNPATH_SEARCH_PATHS = (
					"$(inherited)",
					"@executable_path/Frameworks",
				);
				MARKETING_VERSION = 1.0;
				PRODUCT_BUNDLE_IDENTIFIER = "com.jasonjsnell.Biofeedback-Orchestra-Listener";
				PRODUCT_NAME = "$(TARGET_NAME)";
				SWIFT_EMIT_LOC_STRINGS = YES;
				SWIFT_VERSION = 5.0;
				TARGETED_DEVICE_FAMILY = "1,2";
			};
			name = Debug;
		};
		BB31AB522BD9B481004F7913 /* Release */ = {
			isa = XCBuildConfiguration;
			buildSettings = {
				ASSETCATALOG_COMPILER_APPICON_NAME = AppIcon;
				ASSETCATALOG_COMPILER_GLOBAL_ACCENT_COLOR_NAME = AccentColor;
				CODE_SIGN_STYLE = Automatic;
				CURRENT_PROJECT_VERSION = 1;
				DEVELOPMENT_ASSET_PATHS = "\"Biofeedback-Orchestra-Listener/Preview Content\"";
				DEVELOPMENT_TEAM = LN2HJCURK9;
				ENABLE_PREVIEWS = YES;
				GENERATE_INFOPLIST_FILE = YES;
				INFOPLIST_FILE = "Biofeedback-Orchestra-Listener/Info.plist";
				INFOPLIST_KEY_NSLocalNetworkUsageDescription = "This app uses local network to receive EEG data from nearby iPhones and iPads.";
				INFOPLIST_KEY_UIApplicationSceneManifest_Generation = YES;
				INFOPLIST_KEY_UIApplicationSupportsIndirectInputEvents = YES;
				INFOPLIST_KEY_UILaunchScreen_Generation = YES;
				INFOPLIST_KEY_UISupportedInterfaceOrientations_iPad = "UIInterfaceOrientationPortrait UIInterfaceOrientationPortraitUpsideDown UIInterfaceOrientationLandscapeLeft UIInterfaceOrientationLandscapeRight";
				INFOPLIST_KEY_UISupportedInterfaceOrientations_iPhone = "UIInterfaceOrientationPortrait UIInterfaceOrientationLandscapeLeft UIInterfaceOrientationLandscapeRight";
				LD_RUNPATH_SEARCH_PATHS = (
					"$(inherited)",
					"@executable_path/Frameworks",
				);
				MARKETING_VERSION = 1.0;
				PRODUCT_BUNDLE_IDENTIFIER = "com.jasonjsnell.Biofeedback-Orchestra-Listener";
				PRODUCT_NAME = "$(TARGET_NAME)";
				SWIFT_EMIT_LOC_STRINGS = YES;
				SWIFT_VERSION = 5.0;
				TARGETED_DEVICE_FAMILY = "1,2";
			};
			name = Release;
		};
/* End XCBuildConfiguration section */

/* Begin XCConfigurationList section */
		BB31AB3D2BD9B47F004F7913 /* Build configuration list for PBXProject "Biofeedback-Orchestra-Listener" */ = {
			isa = XCConfigurationList;
			buildConfigurations = (
				BB31AB4E2BD9B481004F7913 /* Debug */,
				BB31AB4F2BD9B481004F7913 /* Release */,
			);
			defaultConfigurationIsVisible = 0;
			defaultConfigurationName = Release;
		};
		BB31AB502BD9B481004F7913 /* Build configuration list for PBXNativeTarget "Biofeedback-Orchestra-Listener" */ = {
			isa = XCConfigurationList;
			buildConfigurations = (
				BB31AB512BD9B481004F7913 /* Debug */,
				BB31AB522BD9B481004F7913 /* Release */,
			);
			defaultConfigurationIsVisible = 0;
			defaultConfigurationName = Release;
		};
/* End XCConfigurationList section */
	};
	rootObject = BB31AB3A2BD9B47F004F7913 /* Project object */;
}
